
Microsoft Visual Studio Solution File, Format Version 12.00
# Visual Studio Version 16
VisualStudioVersion = 16.0.30711.63
MinimumVisualStudioVersion = 10.0.40219.1
Project("{FAE04EC0-301F-11D3-BF4B-00C04F79EFBC}") = "Lesson3", "Lesson3\Lesson3.csproj", "{5273C4F7-8B9F-4885-A5F7-19A8577A33BE}"
EndProject
Project("{FAE04EC0-301F-11D3-BF4B-00C04F79EFBC}") = "lesson3Point2", "lesson3Point2\lesson3Point2.csproj", "{0BD286F0-4864-4319-8747-D9A61388479A}"
EndProject
Project("{FAE04EC0-301F-11D3-BF4B-00C04F79EFBC}") = "Lesson4CWarrays", "Lesson4CWarrays\Lesson4CWarrays.csproj", "{041A21F5-DA32-4F50-A239-128C8D1E7BE6}"
EndProject
Project("{9A19103F-16F7-4668-BE54-9A1E7A4F7556}") = "ArrayLibrary", "ArrayLibrary1\ArrayLibrary.csproj", "{62256D29-0018-4FB8-B59A-A38A08B2D4F1}"
EndProject
Project("{FAE04EC0-301F-11D3-BF4B-00C04F79EFBC}") = "Lesson5task1", "Lesson4task1\Lesson5task1.csproj", "{9D8083A4-0A4A-4A00-B8EE-6498A1B12D1C}"
EndProject
Global
	GlobalSection(SolutionConfigurationPlatforms) = preSolution
		Debug|Any CPU = Debug|Any CPU
		Release|Any CPU = Release|Any CPU
	EndGlobalSection
	GlobalSection(ProjectConfigurationPlatforms) = postSolution
		{5273C4F7-8B9F-4885-A5F7-19A8577A33BE}.Debug|Any CPU.ActiveCfg = Debug|Any CPU
		{5273C4F7-8B9F-4885-A5F7-19A8577A33BE}.Debug|Any CPU.Build.0 = Debug|Any CPU
		{5273C4F7-8B9F-4885-A5F7-19A8577A33BE}.Release|Any CPU.ActiveCfg = Release|Any CPU
		{5273C4F7-8B9F-4885-A5F7-19A8577A33BE}.Release|Any CPU.Build.0 = Release|Any CPU
		{0BD286F0-4864-4319-8747-D9A61388479A}.Debug|Any CPU.ActiveCfg = Debug|Any CPU
		{0BD286F0-4864-4319-8747-D9A61388479A}.Debug|Any CPU.Build.0 = Debug|Any CPU
		{0BD286F0-4864-4319-8747-D9A61388479A}.Release|Any CPU.ActiveCfg = Release|Any CPU
		{0BD286F0-4864-4319-8747-D9A61388479A}.Release|Any CPU.Build.0 = Release|Any CPU
		{041A21F5-DA32-4F50-A239-128C8D1E7BE6}.Debug|Any CPU.ActiveCfg = Debug|Any CPU
		{041A21F5-DA32-4F50-A239-128C8D1E7BE6}.Debug|Any CPU.Build.0 = Debug|Any CPU
		{041A21F5-DA32-4F50-A239-128C8D1E7BE6}.Release|Any CPU.ActiveCfg = Release|Any CPU
		{041A21F5-DA32-4F50-A239-128C8D1E7BE6}.Release|Any CPU.Build.0 = Release|Any CPU
		{62256D29-0018-4FB8-B59A-A38A08B2D4F1}.Debug|Any CPU.ActiveCfg = Debug|Any CPU
		{62256D29-0018-4FB8-B59A-A38A08B2D4F1}.Debug|Any CPU.Build.0 = Debug|Any CPU
		{62256D29-0018-4FB8-B59A-A38A08B2D4F1}.Release|Any CPU.ActiveCfg = Release|Any CPU
		{62256D29-0018-4FB8-B59A-A38A08B2D4F1}.Release|Any CPU.Build.0 = Release|Any CPU
		{9D8083A4-0A4A-4A00-B8EE-6498A1B12D1C}.Debug|Any CPU.ActiveCfg = Debug|Any CPU
		{9D8083A4-0A4A-4A00-B8EE-6498A1B12D1C}.Debug|Any CPU.Build.0 = Debug|Any CPU
		{9D8083A4-0A4A-4A00-B8EE-6498A1B12D1C}.Release|Any CPU.ActiveCfg = Release|Any CPU
		{9D8083A4-0A4A-4A00-B8EE-6498A1B12D1C}.Release|Any CPU.Build.0 = Release|Any CPU
	EndGlobalSection
	GlobalSection(SolutionProperties) = preSolution
		HideSolutionNode = FALSE
	EndGlobalSection
	GlobalSection(ExtensibilityGlobals) = postSolution
		SolutionGuid = {3EA8CBB6-23B0-4191-81BF-F61F044C4A1B}
	EndGlobalSection
EndGlobal
